
Microsoft Visual Studio Solution File, Format Version 12.00
# Visual Studio Version 17
VisualStudioVersion = 17.1.32421.90
MinimumVisualStudioVersion = 10.0.40219.1
Project("{FAE04EC0-301F-11D3-BF4B-00C04F79EFBC}") = "my-books", "my-books\my-books.csproj", "{444C67ED-ACA7-4882-841B-2E6A22E5487B}"
EndProject
Global
	GlobalSection(SolutionConfigurationPlatforms) = preSolution
		Debug|Any CPU = Debug|Any CPU
		Release|Any CPU = Release|Any CPU
	EndGlobalSection
	GlobalSection(ProjectConfigurationPlatforms) = postSolution
		{444C67ED-ACA7-4882-841B-2E6A22E5487B}.Debug|Any CPU.ActiveCfg = Debug|Any CPU
		{444C67ED-ACA7-4882-841B-2E6A22E5487B}.Debug|Any CPU.Build.0 = Debug|Any CPU
		{444C67ED-ACA7-4882-841B-2E6A22E5487B}.Release|Any CPU.ActiveCfg = Release|Any CPU
		{444C67ED-ACA7-4882-841B-2E6A22E5487B}.Release|Any CPU.Build.0 = Release|Any CPU
	EndGlobalSection
	GlobalSection(SolutionProperties) = preSolution
		HideSolutionNode = FALSE
	EndGlobalSection
	GlobalSection(ExtensibilityGlobals) = postSolution
		SolutionGuid = {979A5D5A-E0EE-4FF7-9E64-BDC23A9A77E4}
	EndGlobalSection
EndGlobal
